
Microsoft Visual Studio Solution File, Format Version 12.00
# Visual Studio Version 17
VisualStudioVersion = 17.13.35913.81
MinimumVisualStudioVersion = 10.0.40219.1
Project("{8BC9CEB8-8B4A-11D0-8D11-00A0C91BC942}") = "BasicCpp_001", "BasicCpp_001\BasicCpp_001.vcxproj", "{38F9A937-E6BA-4096-83B0-A5B1DCBD151D}"
EndProject
Project("{8BC9CEB8-8B4A-11D0-8D11-00A0C91BC942}") = "BasicCpp_002", "BasicCpp_002\BasicCpp_002.vcxproj", "{B1BA5D24-00AD-4315-88DB-C1F27307701A}"
EndProject
Project("{8BC9CEB8-8B4A-11D0-8D11-00A0C91BC942}") = "BasicCpp_003", "BasicCpp_003\BasicCpp_003.vcxproj", "{C9A8EF96-CDCA-45B9-A71F-4B82C500DD36}"
EndProject
Project("{8BC9CEB8-8B4A-11D0-8D11-00A0C91BC942}") = "BasicCpp_004", "BasicCpp_004\BasicCpp_004.vcxproj", "{199A871E-D448-4ACA-85EE-40C27DE0F6AD}"
EndProject
Project("{8BC9CEB8-8B4A-11D0-8D11-00A0C91BC942}") = "BasicCpp_005", "BasicCpp_005\BasicCpp_005.vcxproj", "{34B68A68-9E72-43EF-B81E-9D5A948552AE}"
EndProject
Project("{8BC9CEB8-8B4A-11D0-8D11-00A0C91BC942}") = "BasicCpp_006", "BasicCpp_006\BasicCpp_006.vcxproj", "{6B057C33-F413-4D8A-9A48-AF5BF40CE14E}"
EndProject
Project("{8BC9CEB8-8B4A-11D0-8D11-00A0C91BC942}") = "BasicCpp_007", "BasicCpp_007\BasicCpp_007.vcxproj", "{653E1853-B0B1-4D8E-BC83-64DA9BE57BC5}"
EndProject
Project("{8BC9CEB8-8B4A-11D0-8D11-00A0C91BC942}") = "BasicCpp_008", "BasicCpp_008\BasicCpp_008.vcxproj", "{78CB495A-E6B5-470C-9AEF-9D6159BBE896}"
EndProject
Project("{8BC9CEB8-8B4A-11D0-8D11-00A0C91BC942}") = "BasicCpp_009", "BasicCpp_009\BasicCpp_009.vcxproj", "{D8748E5F-299A-495D-9E13-7B7FC83D880C}"
EndProject
Project("{8BC9CEB8-8B4A-11D0-8D11-00A0C91BC942}") = "BasicCpp_010", "BasicCpp_010\BasicCpp_010.vcxproj", "{9A2FF004-8195-4A8E-8E1E-8C0BB8E31A58}"
EndProject
Project("{8BC9CEB8-8B4A-11D0-8D11-00A0C91BC942}") = "BasicCpp_011", "BasicCpp_011\BasicCpp_011.vcxproj", "{11E183F7-9814-42A1-9F98-7BC90FA802D6}"
EndProject
Project("{8BC9CEB8-8B4A-11D0-8D11-00A0C91BC942}") = "BasicCpp_012", "BasicCpp_012\BasicCpp_012.vcxproj", "{82760B3C-6395-4F13-928A-734B474E969E}"
EndProject
Project("{8BC9CEB8-8B4A-11D0-8D11-00A0C91BC942}") = "BasicCpp_013", "BasicCpp_013\BasicCpp_013.vcxproj", "{A982CFAA-1600-4BD4-AC4C-5918F6707EB3}"
EndProject
Project("{8BC9CEB8-8B4A-11D0-8D11-00A0C91BC942}") = "BasicCpp_014", "BasicCpp_014\BasicCpp_014.vcxproj", "{F1BEEDEA-E81D-4E9A-8518-EC5F84B7FD4B}"
EndProject
Global
	GlobalSection(SolutionConfigurationPlatforms) = preSolution
		Debug|x64 = Debug|x64
		Debug|x86 = Debug|x86
		Release|x64 = Release|x64
		Release|x86 = Release|x86
	EndGlobalSection
	GlobalSection(ProjectConfigurationPlatforms) = postSolution
		{38F9A937-E6BA-4096-83B0-A5B1DCBD151D}.Debug|x64.ActiveCfg = Debug|x64
		{38F9A937-E6BA-4096-83B0-A5B1DCBD151D}.Debug|x64.Build.0 = Debug|x64
		{38F9A937-E6BA-4096-83B0-A5B1DCBD151D}.Debug|x86.ActiveCfg = Debug|Win32
		{38F9A937-E6BA-4096-83B0-A5B1DCBD151D}.Debug|x86.Build.0 = Debug|Win32
		{38F9A937-E6BA-4096-83B0-A5B1DCBD151D}.Release|x64.ActiveCfg = Release|x64
		{38F9A937-E6BA-4096-83B0-A5B1DCBD151D}.Release|x64.Build.0 = Release|x64
		{38F9A937-E6BA-4096-83B0-A5B1DCBD151D}.Release|x86.ActiveCfg = Release|Win32
		{38F9A937-E6BA-4096-83B0-A5B1DCBD151D}.Release|x86.Build.0 = Release|Win32
		{B1BA5D24-00AD-4315-88DB-C1F27307701A}.Debug|x64.ActiveCfg = Debug|x64
		{B1BA5D24-00AD-4315-88DB-C1F27307701A}.Debug|x64.Build.0 = Debug|x64
		{B1BA5D24-00AD-4315-88DB-C1F27307701A}.Debug|x86.ActiveCfg = Debug|Win32
		{B1BA5D24-00AD-4315-88DB-C1F27307701A}.Debug|x86.Build.0 = Debug|Win32
		{B1BA5D24-00AD-4315-88DB-C1F27307701A}.Release|x64.ActiveCfg = Release|x64
		{B1BA5D24-00AD-4315-88DB-C1F27307701A}.Release|x64.Build.0 = Release|x64
		{B1BA5D24-00AD-4315-88DB-C1F27307701A}.Release|x86.ActiveCfg = Release|Win32
		{B1BA5D24-00AD-4315-88DB-C1F27307701A}.Release|x86.Build.0 = Release|Win32
		{C9A8EF96-CDCA-45B9-A71F-4B82C500DD36}.Debug|x64.ActiveCfg = Debug|x64
		{C9A8EF96-CDCA-45B9-A71F-4B82C500DD36}.Debug|x64.Build.0 = Debug|x64
		{C9A8EF96-CDCA-45B9-A71F-4B82C500DD36}.Debug|x86.ActiveCfg = Debug|Win32
		{C9A8EF96-CDCA-45B9-A71F-4B82C500DD36}.Debug|x86.Build.0 = Debug|Win32
		{C9A8EF96-CDCA-45B9-A71F-4B82C500DD36}.Release|x64.ActiveCfg = Release|x64
		{C9A8EF96-CDCA-45B9-A71F-4B82C500DD36}.Release|x64.Build.0 = Release|x64
		{C9A8EF96-CDCA-45B9-A71F-4B82C500DD36}.Release|x86.ActiveCfg = Release|Win32
		{C9A8EF96-CDCA-45B9-A71F-4B82C500DD36}.Release|x86.Build.0 = Release|Win32
		{199A871E-D448-4ACA-85EE-40C27DE0F6AD}.Debug|x64.ActiveCfg = Debug|x64
		{199A871E-D448-4ACA-85EE-40C27DE0F6AD}.Debug|x64.Build.0 = Debug|x64
		{199A871E-D448-4ACA-85EE-40C27DE0F6AD}.Debug|x86.ActiveCfg = Debug|Win32
		{199A871E-D448-4ACA-85EE-40C27DE0F6AD}.Debug|x86.Build.0 = Debug|Win32
		{199A871E-D448-4ACA-85EE-40C27DE0F6AD}.Release|x64.ActiveCfg = Release|x64
		{199A871E-D448-4ACA-85EE-40C27DE0F6AD}.Release|x64.Build.0 = Release|x64
		{199A871E-D448-4ACA-85EE-40C27DE0F6AD}.Release|x86.ActiveCfg = Release|Win32
		{199A871E-D448-4ACA-85EE-40C27DE0F6AD}.Release|x86.Build.0 = Release|Win32
		{34B68A68-9E72-43EF-B81E-9D5A948552AE}.Debug|x64.ActiveCfg = Debug|x64
		{34B68A68-9E72-43EF-B81E-9D5A948552AE}.Debug|x64.Build.0 = Debug|x64
		{34B68A68-9E72-43EF-B81E-9D5A948552AE}.Debug|x86.ActiveCfg = Debug|Win32
		{34B68A68-9E72-43EF-B81E-9D5A948552AE}.Debug|x86.Build.0 = Debug|Win32
		{34B68A68-9E72-43EF-B81E-9D5A948552AE}.Release|x64.ActiveCfg = Release|x64
		{34B68A68-9E72-43EF-B81E-9D5A948552AE}.Release|x64.Build.0 = Release|x64
		{34B68A68-9E72-43EF-B81E-9D5A948552AE}.Release|x86.ActiveCfg = Release|Win32
		{34B68A68-9E72-43EF-B81E-9D5A948552AE}.Release|x86.Build.0 = Release|Win32
		{6B057C33-F413-4D8A-9A48-AF5BF40CE14E}.Debug|x64.ActiveCfg = Debug|x64
		{6B057C33-F413-4D8A-9A48-AF5BF40CE14E}.Debug|x64.Build.0 = Debug|x64
		{6B057C33-F413-4D8A-9A48-AF5BF40CE14E}.Debug|x86.ActiveCfg = Debug|Win32
		{6B057C33-F413-4D8A-9A48-AF5BF40CE14E}.Debug|x86.Build.0 = Debug|Win32
		{6B057C33-F413-4D8A-9A48-AF5BF40CE14E}.Release|x64.ActiveCfg = Release|x64
		{6B057C33-F413-4D8A-9A48-AF5BF40CE14E}.Release|x64.Build.0 = Release|x64
		{6B057C33-F413-4D8A-9A48-AF5BF40CE14E}.Release|x86.ActiveCfg = Release|Win32
		{6B057C33-F413-4D8A-9A48-AF5BF40CE14E}.Release|x86.Build.0 = Release|Win32
		{653E1853-B0B1-4D8E-BC83-64DA9BE57BC5}.Debug|x64.ActiveCfg = Debug|x64
		{653E1853-B0B1-4D8E-BC83-64DA9BE57BC5}.Debug|x64.Build.0 = Debug|x64
		{653E1853-B0B1-4D8E-BC83-64DA9BE57BC5}.Debug|x86.ActiveCfg = Debug|Win32
		{653E1853-B0B1-4D8E-BC83-64DA9BE57BC5}.Debug|x86.Build.0 = Debug|Win32
		{653E1853-B0B1-4D8E-BC83-64DA9BE57BC5}.Release|x64.ActiveCfg = Release|x64
		{653E1853-B0B1-4D8E-BC83-64DA9BE57BC5}.Release|x64.Build.0 = Release|x64
		{653E1853-B0B1-4D8E-BC83-64DA9BE57BC5}.Release|x86.ActiveCfg = Release|Win32
		{653E1853-B0B1-4D8E-BC83-64DA9BE57BC5}.Release|x86.Build.0 = Release|Win32
		{78CB495A-E6B5-470C-9AEF-9D6159BBE896}.Debug|x64.ActiveCfg = Debug|x64
		{78CB495A-E6B5-470C-9AEF-9D6159BBE896}.Debug|x64.Build.0 = Debug|x64
		{78CB495A-E6B5-470C-9AEF-9D6159BBE896}.Debug|x86.ActiveCfg = Debug|Win32
		{78CB495A-E6B5-470C-9AEF-9D6159BBE896}.Debug|x86.Build.0 = Debug|Win32
		{78CB495A-E6B5-470C-9AEF-9D6159BBE896}.Release|x64.ActiveCfg = Release|x64
		{78CB495A-E6B5-470C-9AEF-9D6159BBE896}.Release|x64.Build.0 = Release|x64
		{78CB495A-E6B5-470C-9AEF-9D6159BBE896}.Release|x86.ActiveCfg = Release|Win32
		{78CB495A-E6B5-470C-9AEF-9D6159BBE896}.Release|x86.Build.0 = Release|Win32
		{D8748E5F-299A-495D-9E13-7B7FC83D880C}.Debug|x64.ActiveCfg = Debug|x64
		{D8748E5F-299A-495D-9E13-7B7FC83D880C}.Debug|x64.Build.0 = Debug|x64
		{D8748E5F-299A-495D-9E13-7B7FC83D880C}.Debug|x86.ActiveCfg = Debug|Win32
		{D8748E5F-299A-495D-9E13-7B7FC83D880C}.Debug|x86.Build.0 = Debug|Win32
		{D8748E5F-299A-495D-9E13-7B7FC83D880C}.Release|x64.ActiveCfg = Release|x64
		{D8748E5F-299A-495D-9E13-7B7FC83D880C}.Release|x64.Build.0 = Release|x64
		{D8748E5F-299A-495D-9E13-7B7FC83D880C}.Release|x86.ActiveCfg = Release|Win32
		{D8748E5F-299A-495D-9E13-7B7FC83D880C}.Release|x86.Build.0 = Release|Win32
		{9A2FF004-8195-4A8E-8E1E-8C0BB8E31A58}.Debug|x64.ActiveCfg = Debug|x64
		{9A2FF004-8195-4A8E-8E1E-8C0BB8E31A58}.Debug|x64.Build.0 = Debug|x64
		{9A2FF004-8195-4A8E-8E1E-8C0BB8E31A58}.Debug|x86.ActiveCfg = Debug|Win32
		{9A2FF004-8195-4A8E-8E1E-8C0BB8E31A58}.Debug|x86.Build.0 = Debug|Win32
		{9A2FF004-8195-4A8E-8E1E-8C0BB8E31A58}.Release|x64.ActiveCfg = Release|x64
		{9A2FF004-8195-4A8E-8E1E-8C0BB8E31A58}.Release|x64.Build.0 = Release|x64
		{9A2FF004-8195-4A8E-8E1E-8C0BB8E31A58}.Release|x86.ActiveCfg = Release|Win32
		{9A2FF004-8195-4A8E-8E1E-8C0BB8E31A58}.Release|x86.Build.0 = Release|Win32
		{11E183F7-9814-42A1-9F98-7BC90FA802D6}.Debug|x64.ActiveCfg = Debug|x64
		{11E183F7-9814-42A1-9F98-7BC90FA802D6}.Debug|x64.Build.0 = Debug|x64
		{11E183F7-9814-42A1-9F98-7BC90FA802D6}.Debug|x86.ActiveCfg = Debug|Win32
		{11E183F7-9814-42A1-9F98-7BC90FA802D6}.Debug|x86.Build.0 = Debug|Win32
		{11E183F7-9814-42A1-9F98-7BC90FA802D6}.Release|x64.ActiveCfg = Release|x64
		{11E183F7-9814-42A1-9F98-7BC90FA802D6}.Release|x64.Build.0 = Release|x64
		{11E183F7-9814-42A1-9F98-7BC90FA802D6}.Release|x86.ActiveCfg = Release|Win32
		{11E183F7-9814-42A1-9F98-7BC90FA802D6}.Release|x86.Build.0 = Release|Win32
		{82760B3C-6395-4F13-928A-734B474E969E}.Debug|x64.ActiveCfg = Debug|x64
		{82760B3C-6395-4F13-928A-734B474E969E}.Debug|x64.Build.0 = Debug|x64
		{82760B3C-6395-4F13-928A-734B474E969E}.Debug|x86.ActiveCfg = Debug|Win32
		{82760B3C-6395-4F13-928A-734B474E969E}.Debug|x86.Build.0 = Debug|Win32
		{82760B3C-6395-4F13-928A-734B474E969E}.Release|x64.ActiveCfg = Release|x64
		{82760B3C-6395-4F13-928A-734B474E969E}.Release|x64.Build.0 = Release|x64
		{82760B3C-6395-4F13-928A-734B474E969E}.Release|x86.ActiveCfg = Release|Win32
		{82760B3C-6395-4F13-928A-734B474E969E}.Release|x86.Build.0 = Release|Win32
		{A982CFAA-1600-4BD4-AC4C-5918F6707EB3}.Debug|x64.ActiveCfg = Debug|x64
		{A982CFAA-1600-4BD4-AC4C-5918F6707EB3}.Debug|x64.Build.0 = Debug|x64
		{A982CFAA-1600-4BD4-AC4C-5918F6707EB3}.Debug|x86.ActiveCfg = Debug|Win32
		{A982CFAA-1600-4BD4-AC4C-5918F6707EB3}.Debug|x86.Build.0 = Debug|Win32
		{A982CFAA-1600-4BD4-AC4C-5918F6707EB3}.Release|x64.ActiveCfg = Release|x64
		{A982CFAA-1600-4BD4-AC4C-5918F6707EB3}.Release|x64.Build.0 = Release|x64
		{A982CFAA-1600-4BD4-AC4C-5918F6707EB3}.Release|x86.ActiveCfg = Release|Win32
		{A982CFAA-1600-4BD4-AC4C-5918F6707EB3}.Release|x86.Build.0 = Release|Win32
		{F1BEEDEA-E81D-4E9A-8518-EC5F84B7FD4B}.Debug|x64.ActiveCfg = Debug|x64
		{F1BEEDEA-E81D-4E9A-8518-EC5F84B7FD4B}.Debug|x64.Build.0 = Debug|x64
		{F1BEEDEA-E81D-4E9A-8518-EC5F84B7FD4B}.Debug|x86.ActiveCfg = Debug|Win32
		{F1BEEDEA-E81D-4E9A-8518-EC5F84B7FD4B}.Debug|x86.Build.0 = Debug|Win32
		{F1BEEDEA-E81D-4E9A-8518-EC5F84B7FD4B}.Release|x64.ActiveCfg = Release|x64
		{F1BEEDEA-E81D-4E9A-8518-EC5F84B7FD4B}.Release|x64.Build.0 = Release|x64
		{F1BEEDEA-E81D-4E9A-8518-EC5F84B7FD4B}.Release|x86.ActiveCfg = Release|Win32
		{F1BEEDEA-E81D-4E9A-8518-EC5F84B7FD4B}.Release|x86.Build.0 = Release|Win32
	EndGlobalSection
	GlobalSection(SolutionProperties) = preSolution
		HideSolutionNode = FALSE
	EndGlobalSection
	GlobalSection(ExtensibilityGlobals) = postSolution
		SolutionGuid = {737510C9-FF82-4EEC-8894-3C367F04D966}
	EndGlobalSection
EndGlobal
